
Microsoft Visual Studio Solution File, Format Version 12.00
# Visual Studio Version 16
VisualStudioVersion = 16.0.30320.27
MinimumVisualStudioVersion = 10.0.40219.1
Project("{9A19103F-16F7-4668-BE54-9A1E7A4F7556}") = "CensusAnalyserProblem", "CensusAnalyserProblem\CensusAnalyserProblem.csproj", "{40C3CC3F-0E60-4F31-9803-4BA21EB53B19}"
EndProject
Project("{9A19103F-16F7-4668-BE54-9A1E7A4F7556}") = "CensusAnalyserProblemTest", "CensusAnalyserProblemTest\CensusAnalyserProblemTest.csproj", "{AC5D8CA8-A374-4C64-8BD5-5BE8299B7B0C}"
EndProject
Project("{FAE04EC0-301F-11D3-BF4B-00C04F79EFBC}") = "CSVFilesReader", "CSVFilesReader\CSVFilesReader.csproj", "{6BE2AB90-3F94-4987-B6DF-CECD2883F66B}"
EndProject
Global
	GlobalSection(SolutionConfigurationPlatforms) = preSolution
		Debug|Any CPU = Debug|Any CPU
		Release|Any CPU = Release|Any CPU
	EndGlobalSection
	GlobalSection(ProjectConfigurationPlatforms) = postSolution
		{40C3CC3F-0E60-4F31-9803-4BA21EB53B19}.Debug|Any CPU.ActiveCfg = Debug|Any CPU
		{40C3CC3F-0E60-4F31-9803-4BA21EB53B19}.Debug|Any CPU.Build.0 = Debug|Any CPU
		{40C3CC3F-0E60-4F31-9803-4BA21EB53B19}.Release|Any CPU.ActiveCfg = Release|Any CPU
		{40C3CC3F-0E60-4F31-9803-4BA21EB53B19}.Release|Any CPU.Build.0 = Release|Any CPU
		{AC5D8CA8-A374-4C64-8BD5-5BE8299B7B0C}.Debug|Any CPU.ActiveCfg = Debug|Any CPU
		{AC5D8CA8-A374-4C64-8BD5-5BE8299B7B0C}.Debug|Any CPU.Build.0 = Debug|Any CPU
		{AC5D8CA8-A374-4C64-8BD5-5BE8299B7B0C}.Release|Any CPU.ActiveCfg = Release|Any CPU
		{AC5D8CA8-A374-4C64-8BD5-5BE8299B7B0C}.Release|Any CPU.Build.0 = Release|Any CPU
		{6BE2AB90-3F94-4987-B6DF-CECD2883F66B}.Debug|Any CPU.ActiveCfg = Debug|Any CPU
		{6BE2AB90-3F94-4987-B6DF-CECD2883F66B}.Debug|Any CPU.Build.0 = Debug|Any CPU
		{6BE2AB90-3F94-4987-B6DF-CECD2883F66B}.Release|Any CPU.ActiveCfg = Release|Any CPU
		{6BE2AB90-3F94-4987-B6DF-CECD2883F66B}.Release|Any CPU.Build.0 = Release|Any CPU
	EndGlobalSection
	GlobalSection(SolutionProperties) = preSolution
		HideSolutionNode = FALSE
	EndGlobalSection
	GlobalSection(ExtensibilityGlobals) = postSolution
		SolutionGuid = {EA0D1023-FF3C-4125-A353-0E6276A3FBD4}
	EndGlobalSection
EndGlobal
